
Microsoft Visual Studio Solution File, Format Version 12.00
# Visual Studio Version 16
VisualStudioVersion = 16.0.30907.101
MinimumVisualStudioVersion = 10.0.40219.1
Project("{9A19103F-16F7-4668-BE54-9A1E7A4F7556}") = "NewServer", "NewServer.csproj", "{A9C83BE7-BA6C-455D-9101-49554EB4465B}"
EndProject
Global
	GlobalSection(SolutionConfigurationPlatforms) = preSolution
		Debug|Any CPU = Debug|Any CPU
		Release|Any CPU = Release|Any CPU
	EndGlobalSection
	GlobalSection(ProjectConfigurationPlatforms) = postSolution
		{A9C83BE7-BA6C-455D-9101-49554EB4465B}.Debug|Any CPU.ActiveCfg = Debug|Any CPU
		{A9C83BE7-BA6C-455D-9101-49554EB4465B}.Debug|Any CPU.Build.0 = Debug|Any CPU
		{A9C83BE7-BA6C-455D-9101-49554EB4465B}.Release|Any CPU.ActiveCfg = Release|Any CPU
		{A9C83BE7-BA6C-455D-9101-49554EB4465B}.Release|Any CPU.Build.0 = Release|Any CPU
	EndGlobalSection
	GlobalSection(SolutionProperties) = preSolution
		HideSolutionNode = FALSE
	EndGlobalSection
	GlobalSection(ExtensibilityGlobals) = postSolution
		SolutionGuid = {F1782F18-957A-40AB-8D59-946243CFB3D3}
	EndGlobalSection
EndGlobal
